
Microsoft Visual Studio Solution File, Format Version 12.00
# Visual Studio 2017
Project("{FAE04EC0-301F-11D3-BF4B-00C04F79EFBC}") = "vrnd-build-an-apartment-by-Alanoud-Alhamid", "vrnd-build-an-apartment-by-Alanoud-Alhamid.csproj", "{10E57E41-FB72-CCF0-5508-DC59B555A7A6}"
EndProject
Project("{FAE04EC0-301F-11D3-BF4B-00C04F79EFBC}") = "vrnd-build-an-apartment-by-Alanoud-Alhamid.Editor", "vrnd-build-an-apartment-by-Alanoud-Alhamid.Editor.csproj", "{847F3B71-59D6-DF70-6604-4AF8B35DE1F3}"
EndProject
Global
	GlobalSection(SolutionConfigurationPlatforms) = preSolution
		Debug|Any CPU = Debug|Any CPU
		Release|Any CPU = Release|Any CPU
	EndGlobalSection
	GlobalSection(ProjectConfigurationPlatforms) = postSolution
		{10E57E41-FB72-CCF0-5508-DC59B555A7A6}.Debug|Any CPU.ActiveCfg = Debug|Any CPU
		{10E57E41-FB72-CCF0-5508-DC59B555A7A6}.Debug|Any CPU.Build.0 = Debug|Any CPU
		{10E57E41-FB72-CCF0-5508-DC59B555A7A6}.Release|Any CPU.ActiveCfg = Release|Any CPU
		{10E57E41-FB72-CCF0-5508-DC59B555A7A6}.Release|Any CPU.Build.0 = Release|Any CPU
		{847F3B71-59D6-DF70-6604-4AF8B35DE1F3}.Debug|Any CPU.ActiveCfg = Debug|Any CPU
		{847F3B71-59D6-DF70-6604-4AF8B35DE1F3}.Debug|Any CPU.Build.0 = Debug|Any CPU
		{847F3B71-59D6-DF70-6604-4AF8B35DE1F3}.Release|Any CPU.ActiveCfg = Release|Any CPU
		{847F3B71-59D6-DF70-6604-4AF8B35DE1F3}.Release|Any CPU.Build.0 = Release|Any CPU
	EndGlobalSection
	GlobalSection(SolutionProperties) = preSolution
		HideSolutionNode = FALSE
	EndGlobalSection
EndGlobal
